
Microsoft Visual Studio Solution File, Format Version 12.00
# Visual Studio 15
VisualStudioVersion = 15.0.26730.16
MinimumVisualStudioVersion = 10.0.40219.1
Project("{FAE04EC0-301F-11D3-BF4B-00C04F79EFBC}") = "CodingCraftHOMod1Ex8NuGet", "CodingCraftHOMod1Ex8NuGet\CodingCraftHOMod1Ex8NuGet.csproj", "{4B41D202-F2EF-45E6-AC3E-34290B45E6C1}"
EndProject
Global
	GlobalSection(SolutionConfigurationPlatforms) = preSolution
		Debug|Any CPU = Debug|Any CPU
		Release|Any CPU = Release|Any CPU
	EndGlobalSection
	GlobalSection(ProjectConfigurationPlatforms) = postSolution
		{4B41D202-F2EF-45E6-AC3E-34290B45E6C1}.Debug|Any CPU.ActiveCfg = Debug|Any CPU
		{4B41D202-F2EF-45E6-AC3E-34290B45E6C1}.Debug|Any CPU.Build.0 = Debug|Any CPU
		{4B41D202-F2EF-45E6-AC3E-34290B45E6C1}.Release|Any CPU.ActiveCfg = Release|Any CPU
		{4B41D202-F2EF-45E6-AC3E-34290B45E6C1}.Release|Any CPU.Build.0 = Release|Any CPU
	EndGlobalSection
	GlobalSection(SolutionProperties) = preSolution
		HideSolutionNode = FALSE
	EndGlobalSection
	GlobalSection(ExtensibilityGlobals) = postSolution
		SolutionGuid = {9DBBD617-EC6E-4847-B633-E17B9081DB01}
	EndGlobalSection
EndGlobal
