
Microsoft Visual Studio Solution File, Format Version 12.00
# Visual Studio 15
VisualStudioVersion = 15.0.27004.2002
MinimumVisualStudioVersion = 10.0.40219.1
Project("{FAE04EC0-301F-11D3-BF4B-00C04F79EFBC}") = "CodingCraftHOMod1Ex1EF", "CodingCraftHOMod1Ex1EF-master\CodingCraftHOMod1Ex1EF\CodingCraftHOMod1Ex1EF.csproj", "{0CE8E65B-EBA7-45AB-9FB6-C6523F4F01CB}"
EndProject
Project("{FAE04EC0-301F-11D3-BF4B-00C04F79EFBC}") = "EX2", "CodingCraftHOMod1Ex2\EX2.csproj", "{A4A0942B-7230-4988-A528-263F988A0AAB}"
EndProject
Project("{FAE04EC0-301F-11D3-BF4B-00C04F79EFBC}") = "EX11", "CodingCraftHOMod1Ex11\EX11.csproj", "{B4466E3B-0B6E-42A6-BC0F-B819F4E7AC21}"
EndProject
Project("{FAE04EC0-301F-11D3-BF4B-00C04F79EFBC}") = "CodingCraftHOMod1Ex7Redis", "CodingCraftHOMod1Ex7Redis\CodingCraftHOMod1Ex7Redis.csproj", "{95C781FB-D104-4365-9054-FD9F7E5BCD61}"
EndProject
Project("{2150E333-8FDC-42A3-9474-1A3956D46DE8}") = "CodingCraftHOMod1Ex3Modularizacao", "CodingCraftHOMod1Ex3Modularizacao", "{9CFB7368-DA55-4B4E-8BA9-CAEB1157BB7B}"
EndProject
Project("{2150E333-8FDC-42A3-9474-1A3956D46DE8}") = "CodingCraftHOMod1Ex4Identity", "CodingCraftHOMod1Ex4Identity", "{1D503736-5424-4937-A5B0-579FAEF7A30D}"
EndProject
Project("{FAE04EC0-301F-11D3-BF4B-00C04F79EFBC}") = "CodingCraftHOMod1Ex4Identity.Samples", "CodingCraftHOMod1Ex4Identity.Samples\CodingCraftHOMod1Ex4Identity.Samples.csproj", "{F1D8A79A-AD26-4893-B97D-63245F2E8C6F}"
EndProject
Project("{FAE04EC0-301F-11D3-BF4B-00C04F79EFBC}") = "CodingCraftHOMod1Ex4Identity", "CodingCraftHOMod1Ex4Identity\CodingCraftHOMod1Ex4Identity.csproj", "{6A52EF2B-A830-4302-9F22-27164FB65433}"
EndProject
Project("{FAE04EC0-301F-11D3-BF4B-00C04F79EFBC}") = "CodingCraftHOMod1Ex3Modularizacao", "CodingCraftHOMod1Ex3Modularizacao\CodingCraftHOMod1Ex3Modularizacao\CodingCraftHOMod1Ex3Modularizacao.csproj", "{FE8E14E1-E27D-4FAB-BE89-F8B39F468283}"
EndProject
Project("{FAE04EC0-301F-11D3-BF4B-00C04F79EFBC}") = "CodingCraftHOMod1Ex3Modularizacao.Api", "CodingCraftHOMod1Ex3Modularizacao\CodingCraftHOMod1Ex3Modularizacao.Api\CodingCraftHOMod1Ex3Modularizacao.Api.csproj", "{954E99C9-4438-4516-B345-3FCAB74A4F8C}"
EndProject
Project("{FAE04EC0-301F-11D3-BF4B-00C04F79EFBC}") = "CodingCraftHOMod1Ex3Modularizacao.Cliente2", "CodingCraftHOMod1Ex3Modularizacao\CodingCraftHOMod1Ex3Modularizacao.Cliente2\CodingCraftHOMod1Ex3Modularizacao.Cliente2.csproj", "{DD9D710D-155C-44E0-B8F4-209DE0601EFC}"
EndProject
Project("{FAE04EC0-301F-11D3-BF4B-00C04F79EFBC}") = "CodingCraftHOMod1Ex3Modularizacao.Cliente3", "CodingCraftHOMod1Ex3Modularizacao\CodingCraftHOMod1Ex3Modularizacao.Cliente3\CodingCraftHOMod1Ex3Modularizacao.Cliente3.csproj", "{6638819C-F1DE-4D6C-9170-4E9E97996B08}"
EndProject
Project("{FAE04EC0-301F-11D3-BF4B-00C04F79EFBC}") = "CodingCraftHOMod1Ex3Modularizacao.Dominio", "CodingCraftHOMod1Ex3Modularizacao\CodingCraftHOMod1Ex3Modularizacao.Dominio\CodingCraftHOMod1Ex3Modularizacao.Dominio.csproj", "{04991C42-29C5-417A-B1AA-929DC613BD9D}"
EndProject
Project("{FAE04EC0-301F-11D3-BF4B-00C04F79EFBC}") = "CodingCraftHOMod1Ex3Modularizacao.Infra", "CodingCraftHOMod1Ex3Modularizacao\CodingCraftHOMod1Ex3Modularizacao.Infra\CodingCraftHOMod1Ex3Modularizacao.Infra.csproj", "{8A27F019-4DBF-4DBD-A8E6-56CDCB5414EE}"
EndProject
Project("{FAE04EC0-301F-11D3-BF4B-00C04F79EFBC}") = "CodingCraftHOMod1Ex3Modularizacao.Mvc.Comum", "CodingCraftHOMod1Ex3Modularizacao\CodingCraftHOMod1Ex3Modularizacao.Mvc.Comum\CodingCraftHOMod1Ex3Modularizacao.Mvc.Comum.csproj", "{2FFB12F7-D278-443A-AE48-50FCE9899D26}"
EndProject
Project("{9A19103F-16F7-4668-BE54-9A1E7A4F7556}") = "CodingCraftHOMod1Ex3Modularizacao.Mvc.Comum.Core", "CodingCraftHOMod1Ex3Modularizacao\CodingCraftHOMod1Ex3Modularizacao.Mvc.Comum.Core\CodingCraftHOMod1Ex3Modularizacao.Mvc.Comum.Core.csproj", "{27ED4C13-A6EC-441D-9755-2BE8B5D354DA}"
EndProject
Project("{FAE04EC0-301F-11D3-BF4B-00C04F79EFBC}") = "CodingCraftHOMod1Ex5WebAPI", "CodingCraftHOMod1Ex5WebAPI\CodingCraftHOMod1Ex5WebAPI.csproj", "{2F67E9AC-B198-4B10-96B9-7E24447031D7}"
EndProject
Project("{FAE04EC0-301F-11D3-BF4B-00C04F79EFBC}") = "CodingCraftHOMod1Ex6Dapper", "CodingCraftHOMod1Ex6Dapper\CodingCraftHOMod1Ex6Dapper.csproj", "{A96AEEBE-0391-40A2-B5BC-2196790A45B7}"
EndProject
Project("{2150E333-8FDC-42A3-9474-1A3956D46DE8}") = "CodingCraftHOMod1Ex8", "CodingCraftHOMod1Ex8", "{7D56B66C-20E6-4BC4-AF6D-8D867642E45F}"
EndProject
Project("{FAE04EC0-301F-11D3-BF4B-00C04F79EFBC}") = "CodingCraftHOMod1Ex8NuGet", "CodingCraftHOMod1Ex8\CodingCraftHOMod1Ex8NuGet\CodingCraftHOMod1Ex8NuGet.csproj", "{4B41D202-F2EF-45E6-AC3E-34290B45E6C1}"
EndProject
Project("{FAE04EC0-301F-11D3-BF4B-00C04F79EFBC}") = "CodingCraftHOMod1Ex8NuGetDemonstracao", "CodingCraftHOMod1Ex8\CodingCraftHOMod1Ex8NuGetDemonstracao\CodingCraftHOMod1Ex8NuGetDemonstracao.csproj", "{7BB63090-48BF-4FC5-BCAE-D9E56C2AA698}"
EndProject
Global
	GlobalSection(SolutionConfigurationPlatforms) = preSolution
		Debug|Any CPU = Debug|Any CPU
		Release|Any CPU = Release|Any CPU
	EndGlobalSection
	GlobalSection(ProjectConfigurationPlatforms) = postSolution
		{0CE8E65B-EBA7-45AB-9FB6-C6523F4F01CB}.Debug|Any CPU.ActiveCfg = Debug|Any CPU
		{0CE8E65B-EBA7-45AB-9FB6-C6523F4F01CB}.Debug|Any CPU.Build.0 = Debug|Any CPU
		{0CE8E65B-EBA7-45AB-9FB6-C6523F4F01CB}.Release|Any CPU.ActiveCfg = Release|Any CPU
		{0CE8E65B-EBA7-45AB-9FB6-C6523F4F01CB}.Release|Any CPU.Build.0 = Release|Any CPU
		{A4A0942B-7230-4988-A528-263F988A0AAB}.Debug|Any CPU.ActiveCfg = Debug|Any CPU
		{A4A0942B-7230-4988-A528-263F988A0AAB}.Debug|Any CPU.Build.0 = Debug|Any CPU
		{A4A0942B-7230-4988-A528-263F988A0AAB}.Release|Any CPU.ActiveCfg = Release|Any CPU
		{A4A0942B-7230-4988-A528-263F988A0AAB}.Release|Any CPU.Build.0 = Release|Any CPU
		{B4466E3B-0B6E-42A6-BC0F-B819F4E7AC21}.Debug|Any CPU.ActiveCfg = Debug|Any CPU
		{B4466E3B-0B6E-42A6-BC0F-B819F4E7AC21}.Debug|Any CPU.Build.0 = Debug|Any CPU
		{B4466E3B-0B6E-42A6-BC0F-B819F4E7AC21}.Release|Any CPU.ActiveCfg = Release|Any CPU
		{B4466E3B-0B6E-42A6-BC0F-B819F4E7AC21}.Release|Any CPU.Build.0 = Release|Any CPU
		{95C781FB-D104-4365-9054-FD9F7E5BCD61}.Debug|Any CPU.ActiveCfg = Debug|Any CPU
		{95C781FB-D104-4365-9054-FD9F7E5BCD61}.Debug|Any CPU.Build.0 = Debug|Any CPU
		{95C781FB-D104-4365-9054-FD9F7E5BCD61}.Release|Any CPU.ActiveCfg = Release|Any CPU
		{95C781FB-D104-4365-9054-FD9F7E5BCD61}.Release|Any CPU.Build.0 = Release|Any CPU
		{F1D8A79A-AD26-4893-B97D-63245F2E8C6F}.Debug|Any CPU.ActiveCfg = Debug|Any CPU
		{F1D8A79A-AD26-4893-B97D-63245F2E8C6F}.Debug|Any CPU.Build.0 = Debug|Any CPU
		{F1D8A79A-AD26-4893-B97D-63245F2E8C6F}.Release|Any CPU.ActiveCfg = Release|Any CPU
		{F1D8A79A-AD26-4893-B97D-63245F2E8C6F}.Release|Any CPU.Build.0 = Release|Any CPU
		{6A52EF2B-A830-4302-9F22-27164FB65433}.Debug|Any CPU.ActiveCfg = Debug|Any CPU
		{6A52EF2B-A830-4302-9F22-27164FB65433}.Debug|Any CPU.Build.0 = Debug|Any CPU
		{6A52EF2B-A830-4302-9F22-27164FB65433}.Release|Any CPU.ActiveCfg = Release|Any CPU
		{6A52EF2B-A830-4302-9F22-27164FB65433}.Release|Any CPU.Build.0 = Release|Any CPU
		{FE8E14E1-E27D-4FAB-BE89-F8B39F468283}.Debug|Any CPU.ActiveCfg = Debug|Any CPU
		{FE8E14E1-E27D-4FAB-BE89-F8B39F468283}.Debug|Any CPU.Build.0 = Debug|Any CPU
		{FE8E14E1-E27D-4FAB-BE89-F8B39F468283}.Release|Any CPU.ActiveCfg = Release|Any CPU
		{FE8E14E1-E27D-4FAB-BE89-F8B39F468283}.Release|Any CPU.Build.0 = Release|Any CPU
		{954E99C9-4438-4516-B345-3FCAB74A4F8C}.Debug|Any CPU.ActiveCfg = Debug|Any CPU
		{954E99C9-4438-4516-B345-3FCAB74A4F8C}.Debug|Any CPU.Build.0 = Debug|Any CPU
		{954E99C9-4438-4516-B345-3FCAB74A4F8C}.Release|Any CPU.ActiveCfg = Release|Any CPU
		{954E99C9-4438-4516-B345-3FCAB74A4F8C}.Release|Any CPU.Build.0 = Release|Any CPU
		{DD9D710D-155C-44E0-B8F4-209DE0601EFC}.Debug|Any CPU.ActiveCfg = Debug|Any CPU
		{DD9D710D-155C-44E0-B8F4-209DE0601EFC}.Debug|Any CPU.Build.0 = Debug|Any CPU
		{DD9D710D-155C-44E0-B8F4-209DE0601EFC}.Release|Any CPU.ActiveCfg = Release|Any CPU
		{DD9D710D-155C-44E0-B8F4-209DE0601EFC}.Release|Any CPU.Build.0 = Release|Any CPU
		{6638819C-F1DE-4D6C-9170-4E9E97996B08}.Debug|Any CPU.ActiveCfg = Debug|Any CPU
		{6638819C-F1DE-4D6C-9170-4E9E97996B08}.Debug|Any CPU.Build.0 = Debug|Any CPU
		{6638819C-F1DE-4D6C-9170-4E9E97996B08}.Release|Any CPU.ActiveCfg = Release|Any CPU
		{6638819C-F1DE-4D6C-9170-4E9E97996B08}.Release|Any CPU.Build.0 = Release|Any CPU
		{04991C42-29C5-417A-B1AA-929DC613BD9D}.Debug|Any CPU.ActiveCfg = Debug|Any CPU
		{04991C42-29C5-417A-B1AA-929DC613BD9D}.Debug|Any CPU.Build.0 = Debug|Any CPU
		{04991C42-29C5-417A-B1AA-929DC613BD9D}.Release|Any CPU.ActiveCfg = Release|Any CPU
		{04991C42-29C5-417A-B1AA-929DC613BD9D}.Release|Any CPU.Build.0 = Release|Any CPU
		{8A27F019-4DBF-4DBD-A8E6-56CDCB5414EE}.Debug|Any CPU.ActiveCfg = Debug|Any CPU
		{8A27F019-4DBF-4DBD-A8E6-56CDCB5414EE}.Debug|Any CPU.Build.0 = Debug|Any CPU
		{8A27F019-4DBF-4DBD-A8E6-56CDCB5414EE}.Release|Any CPU.ActiveCfg = Release|Any CPU
		{8A27F019-4DBF-4DBD-A8E6-56CDCB5414EE}.Release|Any CPU.Build.0 = Release|Any CPU
		{2FFB12F7-D278-443A-AE48-50FCE9899D26}.Debug|Any CPU.ActiveCfg = Debug|Any CPU
		{2FFB12F7-D278-443A-AE48-50FCE9899D26}.Debug|Any CPU.Build.0 = Debug|Any CPU
		{2FFB12F7-D278-443A-AE48-50FCE9899D26}.Release|Any CPU.ActiveCfg = Release|Any CPU
		{2FFB12F7-D278-443A-AE48-50FCE9899D26}.Release|Any CPU.Build.0 = Release|Any CPU
		{27ED4C13-A6EC-441D-9755-2BE8B5D354DA}.Debug|Any CPU.ActiveCfg = Debug|Any CPU
		{27ED4C13-A6EC-441D-9755-2BE8B5D354DA}.Debug|Any CPU.Build.0 = Debug|Any CPU
		{27ED4C13-A6EC-441D-9755-2BE8B5D354DA}.Release|Any CPU.ActiveCfg = Release|Any CPU
		{27ED4C13-A6EC-441D-9755-2BE8B5D354DA}.Release|Any CPU.Build.0 = Release|Any CPU
		{2F67E9AC-B198-4B10-96B9-7E24447031D7}.Debug|Any CPU.ActiveCfg = Debug|Any CPU
		{2F67E9AC-B198-4B10-96B9-7E24447031D7}.Debug|Any CPU.Build.0 = Debug|Any CPU
		{2F67E9AC-B198-4B10-96B9-7E24447031D7}.Release|Any CPU.ActiveCfg = Release|Any CPU
		{2F67E9AC-B198-4B10-96B9-7E24447031D7}.Release|Any CPU.Build.0 = Release|Any CPU
		{A96AEEBE-0391-40A2-B5BC-2196790A45B7}.Debug|Any CPU.ActiveCfg = Debug|Any CPU
		{A96AEEBE-0391-40A2-B5BC-2196790A45B7}.Debug|Any CPU.Build.0 = Debug|Any CPU
		{A96AEEBE-0391-40A2-B5BC-2196790A45B7}.Release|Any CPU.ActiveCfg = Release|Any CPU
		{A96AEEBE-0391-40A2-B5BC-2196790A45B7}.Release|Any CPU.Build.0 = Release|Any CPU
		{4B41D202-F2EF-45E6-AC3E-34290B45E6C1}.Debug|Any CPU.ActiveCfg = Debug|Any CPU
		{4B41D202-F2EF-45E6-AC3E-34290B45E6C1}.Debug|Any CPU.Build.0 = Debug|Any CPU
		{4B41D202-F2EF-45E6-AC3E-34290B45E6C1}.Release|Any CPU.ActiveCfg = Release|Any CPU
		{4B41D202-F2EF-45E6-AC3E-34290B45E6C1}.Release|Any CPU.Build.0 = Release|Any CPU
		{7BB63090-48BF-4FC5-BCAE-D9E56C2AA698}.Debug|Any CPU.ActiveCfg = Debug|Any CPU
		{7BB63090-48BF-4FC5-BCAE-D9E56C2AA698}.Debug|Any CPU.Build.0 = Debug|Any CPU
		{7BB63090-48BF-4FC5-BCAE-D9E56C2AA698}.Release|Any CPU.ActiveCfg = Release|Any CPU
		{7BB63090-48BF-4FC5-BCAE-D9E56C2AA698}.Release|Any CPU.Build.0 = Release|Any CPU
	EndGlobalSection
	GlobalSection(SolutionProperties) = preSolution
		HideSolutionNode = FALSE
	EndGlobalSection
	GlobalSection(NestedProjects) = preSolution
		{F1D8A79A-AD26-4893-B97D-63245F2E8C6F} = {1D503736-5424-4937-A5B0-579FAEF7A30D}
		{6A52EF2B-A830-4302-9F22-27164FB65433} = {1D503736-5424-4937-A5B0-579FAEF7A30D}
		{FE8E14E1-E27D-4FAB-BE89-F8B39F468283} = {9CFB7368-DA55-4B4E-8BA9-CAEB1157BB7B}
		{954E99C9-4438-4516-B345-3FCAB74A4F8C} = {9CFB7368-DA55-4B4E-8BA9-CAEB1157BB7B}
		{DD9D710D-155C-44E0-B8F4-209DE0601EFC} = {9CFB7368-DA55-4B4E-8BA9-CAEB1157BB7B}
		{6638819C-F1DE-4D6C-9170-4E9E97996B08} = {9CFB7368-DA55-4B4E-8BA9-CAEB1157BB7B}
		{04991C42-29C5-417A-B1AA-929DC613BD9D} = {9CFB7368-DA55-4B4E-8BA9-CAEB1157BB7B}
		{8A27F019-4DBF-4DBD-A8E6-56CDCB5414EE} = {9CFB7368-DA55-4B4E-8BA9-CAEB1157BB7B}
		{2FFB12F7-D278-443A-AE48-50FCE9899D26} = {9CFB7368-DA55-4B4E-8BA9-CAEB1157BB7B}
		{27ED4C13-A6EC-441D-9755-2BE8B5D354DA} = {9CFB7368-DA55-4B4E-8BA9-CAEB1157BB7B}
		{4B41D202-F2EF-45E6-AC3E-34290B45E6C1} = {7D56B66C-20E6-4BC4-AF6D-8D867642E45F}
		{7BB63090-48BF-4FC5-BCAE-D9E56C2AA698} = {7D56B66C-20E6-4BC4-AF6D-8D867642E45F}
	EndGlobalSection
	GlobalSection(ExtensibilityGlobals) = postSolution
		SolutionGuid = {21ADC9D7-7E29-4BC5-9A79-36831CB12ABA}
	EndGlobalSection
EndGlobal
